
Microsoft Visual Studio Solution File, Format Version 12.00
# Visual Studio Version 17
VisualStudioVersion = 17.1.32210.238
MinimumVisualStudioVersion = 10.0.40219.1
Project("{FAE04EC0-301F-11D3-BF4B-00C04F79EFBC}") = "FoxTrotTeamProject", "FoxTrotTeamProject.csproj", "{A787633E-239F-4D7A-B235-42672A8886A1}"
EndProject
Global
	GlobalSection(SolutionConfigurationPlatforms) = preSolution
		Debug|Any CPU = Debug|Any CPU
		Release|Any CPU = Release|Any CPU
	EndGlobalSection
	GlobalSection(ProjectConfigurationPlatforms) = postSolution
		{A787633E-239F-4D7A-B235-42672A8886A1}.Debug|Any CPU.ActiveCfg = Debug|Any CPU
		{A787633E-239F-4D7A-B235-42672A8886A1}.Debug|Any CPU.Build.0 = Debug|Any CPU
		{A787633E-239F-4D7A-B235-42672A8886A1}.Release|Any CPU.ActiveCfg = Release|Any CPU
		{A787633E-239F-4D7A-B235-42672A8886A1}.Release|Any CPU.Build.0 = Release|Any CPU
	EndGlobalSection
	GlobalSection(SolutionProperties) = preSolution
		HideSolutionNode = FALSE
	EndGlobalSection
	GlobalSection(ExtensibilityGlobals) = postSolution
		SolutionGuid = {61CBA514-D4C4-460A-83CC-1EABE7566D7C}
	EndGlobalSection
EndGlobal
